
Microsoft Visual Studio Solution File, Format Version 12.00
# Visual Studio 15
VisualStudioVersion = 15.0.26730.8
MinimumVisualStudioVersion = 10.0.40219.1
Project("{FAE04EC0-301F-11D3-BF4B-00C04F79EFBC}") = "Voynich", "Voynich\Voynich.csproj", "{BB02A7E3-8A92-46EB-939F-303AF96977AB}"
EndProject
Global
	GlobalSection(SolutionConfigurationPlatforms) = preSolution
		Debug|Any CPU = Debug|Any CPU
		Release|Any CPU = Release|Any CPU
	EndGlobalSection
	GlobalSection(ProjectConfigurationPlatforms) = postSolution
		{BB02A7E3-8A92-46EB-939F-303AF96977AB}.Debug|Any CPU.ActiveCfg = Debug|Any CPU
		{BB02A7E3-8A92-46EB-939F-303AF96977AB}.Debug|Any CPU.Build.0 = Debug|Any CPU
		{BB02A7E3-8A92-46EB-939F-303AF96977AB}.Release|Any CPU.ActiveCfg = Release|Any CPU
		{BB02A7E3-8A92-46EB-939F-303AF96977AB}.Release|Any CPU.Build.0 = Release|Any CPU
	EndGlobalSection
	GlobalSection(SolutionProperties) = preSolution
		HideSolutionNode = FALSE
	EndGlobalSection
	GlobalSection(ExtensibilityGlobals) = postSolution
		SolutionGuid = {727749E5-4D19-45E5-9176-C16E313D5ED4}
	EndGlobalSection
EndGlobal
